
Microsoft Visual Studio Solution File, Format Version 12.00
# Visual Studio Version 17
VisualStudioVersion = 17.4.33213.308
MinimumVisualStudioVersion = 10.0.40219.1
Project("{9A19103F-16F7-4668-BE54-9A1E7A4F7556}") = "Server", "Server\Server.csproj", "{75C28E8A-90B2-424E-ABBB-5FA12587D627}"
EndProject
Project("{9A19103F-16F7-4668-BE54-9A1E7A4F7556}") = "Scripts", "Scripts\Scripts.csproj", "{80B47ABE-1AAA-4662-A7AC-85C837626AAA}"
EndProject
Global
	GlobalSection(SolutionConfigurationPlatforms) = preSolution
		Debug|Any CPU = Debug|Any CPU
		Release|Any CPU = Release|Any CPU
	EndGlobalSection
	GlobalSection(ProjectConfigurationPlatforms) = postSolution
		{75C28E8A-90B2-424E-ABBB-5FA12587D627}.Debug|Any CPU.ActiveCfg = Debug|Any CPU
		{75C28E8A-90B2-424E-ABBB-5FA12587D627}.Debug|Any CPU.Build.0 = Debug|Any CPU
		{75C28E8A-90B2-424E-ABBB-5FA12587D627}.Release|Any CPU.ActiveCfg = Release|Any CPU
		{75C28E8A-90B2-424E-ABBB-5FA12587D627}.Release|Any CPU.Build.0 = Release|Any CPU
		{80B47ABE-1AAA-4662-A7AC-85C837626AAA}.Debug|Any CPU.ActiveCfg = Debug|Any CPU
		{80B47ABE-1AAA-4662-A7AC-85C837626AAA}.Debug|Any CPU.Build.0 = Debug|Any CPU
		{80B47ABE-1AAA-4662-A7AC-85C837626AAA}.Release|Any CPU.ActiveCfg = Release|Any CPU
		{80B47ABE-1AAA-4662-A7AC-85C837626AAA}.Release|Any CPU.Build.0 = Release|Any CPU
	EndGlobalSection
	GlobalSection(SolutionProperties) = preSolution
		HideSolutionNode = FALSE
	EndGlobalSection
	GlobalSection(ExtensibilityGlobals) = postSolution
		SolutionGuid = {F9FAD725-E975-4DA4-AAFC-D02987EA6B75}
	EndGlobalSection
EndGlobal
